// !$*UTF8*$!
{
	archiveVersion = 1;
	classes = {
	};
	objectVersion = 55;
	objects = {

/* Begin PBXBuildFile section */
		58071638283DC7DE0054CF8A /* ProfileEditor.swift in Sources */ = {isa = PBXBuildFile; fileRef = 58071637283DC7DE0054CF8A /* ProfileEditor.swift */; };
		5807163B283DCB150054CF8A /* PageViewController.swift in Sources */ = {isa = PBXBuildFile; fileRef = 5807163A283DCB150054CF8A /* PageViewController.swift */; };
		5807163D283DCD780054CF8A /* FeatureCard.swift in Sources */ = {isa = PBXBuildFile; fileRef = 5807163C283DCD780054CF8A /* FeatureCard.swift */; };
		5807163F283DCEC60054CF8A /* PageView.swift in Sources */ = {isa = PBXBuildFile; fileRef = 5807163E283DCEC60054CF8A /* PageView.swift */; };
		58158D87284700A900652DBC /* ContentView.swift in Sources */ = {isa = PBXBuildFile; fileRef = 58158D86284700A900652DBC /* ContentView.swift */; };
		58158D89284700A900652DBC /* Assets.xcassets in Resources */ = {isa = PBXBuildFile; fileRef = 58158D88284700A900652DBC /* Assets.xcassets */; };
		58158D8C284700A900652DBC /* Preview Assets.xcassets in Resources */ = {isa = PBXBuildFile; fileRef = 58158D8B284700A900652DBC /* Preview Assets.xcassets */; };
		58158D912847010000652DBC /* FavoriteButton.swift in Sources */ = {isa = PBXBuildFile; fileRef = 58AE525C27F13AEA00A66087 /* FavoriteButton.swift */; };
		58158D922847010000652DBC /* CircleImage.swift in Sources */ = {isa = PBXBuildFile; fileRef = 585473D727EFB7EE0021EEAA /* CircleImage.swift */; };
		58158D932847010000652DBC /* landmarkData.json in Resources */ = {isa = PBXBuildFile; fileRef = 58AE524927F122C100A66087 /* landmarkData.json */; };
		58158D942847010000652DBC /* MapView.swift in Sources */ = {isa = PBXBuildFile; fileRef = 585473D927EFB9DD0021EEAA /* MapView.swift */; };
		58158D952847010000652DBC /* Hike.swift in Sources */ = {isa = PBXBuildFile; fileRef = 58257C5F27F165B400E44674 /* Hike.swift */; };
		58158D962847010000652DBC /* LandmarkList.swift in Sources */ = {isa = PBXBuildFile; fileRef = 58AE526527F13D9000A66087 /* LandmarkList.swift */; };
		58158D972847010000652DBC /* Landmark.swift in Sources */ = {isa = PBXBuildFile; fileRef = 58AE524B27F122EB00A66087 /* Landmark.swift */; };
		58158D982847010000652DBC /* LandmarkRow.swift in Sources */ = {isa = PBXBuildFile; fileRef = 58AE526627F13D9000A66087 /* LandmarkRow.swift */; };
		58158D992847010000652DBC /* LandmarksApp.swift in Sources */ = {isa = PBXBuildFile; fileRef = 585473C927EFB58D0021EEAA /* LandmarksApp.swift */; };
		58158D9A2847010000652DBC /* hikeData.json in Resources */ = {isa = PBXBuildFile; fileRef = 58257C5D27F1659500E44674 /* hikeData.json */; };
		58158D9B2847010000652DBC /* Assets.xcassets in Resources */ = {isa = PBXBuildFile; fileRef = 585473CD27EFB5900021EEAA /* Assets.xcassets */; };
		58158D9C2847010000652DBC /* Profile.swift in Sources */ = {isa = PBXBuildFile; fileRef = 5845C50F2835D59200309951 /* Profile.swift */; };
		58158D9D2847010000652DBC /* ModelData.swift in Sources */ = {isa = PBXBuildFile; fileRef = 58AE524D27F1254D00A66087 /* ModelData.swift */; };
		58158D9F284701DB00652DBC /* LandmarkDetail.swift in Sources */ = {isa = PBXBuildFile; fileRef = 58158D9E284701DB00652DBC /* LandmarkDetail.swift */; };
		58158DA32847098F00652DBC /* LandmarkCommands.swift in Sources */ = {isa = PBXBuildFile; fileRef = 58158DA22847098F00652DBC /* LandmarkCommands.swift */; };
		58158DA42847098F00652DBC /* LandmarkCommands.swift in Sources */ = {isa = PBXBuildFile; fileRef = 58158DA22847098F00652DBC /* LandmarkCommands.swift */; };
		58257C5E27F1659500E44674 /* hikeData.json in Resources */ = {isa = PBXBuildFile; fileRef = 58257C5D27F1659500E44674 /* hikeData.json */; };
		58257C6027F165B400E44674 /* Hike.swift in Sources */ = {isa = PBXBuildFile; fileRef = 58257C5F27F165B400E44674 /* Hike.swift */; };
		58257C6627F1675E00E44674 /* GraphCapsule.swift in Sources */ = {isa = PBXBuildFile; fileRef = 58257C6227F1675E00E44674 /* GraphCapsule.swift */; };
		58257C6727F1675E00E44674 /* HikeGraph.swift in Sources */ = {isa = PBXBuildFile; fileRef = 58257C6327F1675E00E44674 /* HikeGraph.swift */; };
		58257C6827F1675E00E44674 /* HikeDetail.swift in Sources */ = {isa = PBXBuildFile; fileRef = 58257C6427F1675E00E44674 /* HikeDetail.swift */; };
		58257C6927F1675E00E44674 /* HikeView.swift in Sources */ = {isa = PBXBuildFile; fileRef = 58257C6527F1675E00E44674 /* HikeView.swift */; };
		582598EC2840468D001C42B9 /* PageControl.swift in Sources */ = {isa = PBXBuildFile; fileRef = 582598EB2840468D001C42B9 /* PageControl.swift */; };
		5825995D28404AAF001C42B9 /* WatchLandmarksTests.swift in Sources */ = {isa = PBXBuildFile; fileRef = 5825995C28404AAF001C42B9 /* WatchLandmarksTests.swift */; };
		5825996728404AAF001C42B9 /* WatchLandmarksUITests.swift in Sources */ = {isa = PBXBuildFile; fileRef = 5825996628404AAF001C42B9 /* WatchLandmarksUITests.swift */; };
		5825996928404AAF001C42B9 /* WatchLandmarksUITestsLaunchTests.swift in Sources */ = {isa = PBXBuildFile; fileRef = 5825996828404AAF001C42B9 /* WatchLandmarksUITestsLaunchTests.swift */; };
		5845C5102835D59200309951 /* Profile.swift in Sources */ = {isa = PBXBuildFile; fileRef = 5845C50F2835D59200309951 /* Profile.swift */; };
		5845C5122835D64E00309951 /* ProfileHost.swift in Sources */ = {isa = PBXBuildFile; fileRef = 5845C5112835D64E00309951 /* ProfileHost.swift */; };
		5845C5152835D6DB00309951 /* ProfileSummary.swift in Sources */ = {isa = PBXBuildFile; fileRef = 5845C5142835D6DB00309951 /* ProfileSummary.swift */; };
		5845C5172835D7EE00309951 /* HikeBadge.swift in Sources */ = {isa = PBXBuildFile; fileRef = 5845C5162835D7EE00309951 /* HikeBadge.swift */; };
		585473CA27EFB58D0021EEAA /* LandmarksApp.swift in Sources */ = {isa = PBXBuildFile; fileRef = 585473C927EFB58D0021EEAA /* LandmarksApp.swift */; };
		585473CC27EFB58D0021EEAA /* ContentView.swift in Sources */ = {isa = PBXBuildFile; fileRef = 585473CB27EFB58D0021EEAA /* ContentView.swift */; };
		585473CE27EFB5900021EEAA /* Assets.xcassets in Resources */ = {isa = PBXBuildFile; fileRef = 585473CD27EFB5900021EEAA /* Assets.xcassets */; };
		585473D127EFB5900021EEAA /* Preview Assets.xcassets in Resources */ = {isa = PBXBuildFile; fileRef = 585473D027EFB5900021EEAA /* Preview Assets.xcassets */; };
		585473D827EFB7EE0021EEAA /* CircleImage.swift in Sources */ = {isa = PBXBuildFile; fileRef = 585473D727EFB7EE0021EEAA /* CircleImage.swift */; };
		585473DA27EFB9DD0021EEAA /* MapView.swift in Sources */ = {isa = PBXBuildFile; fileRef = 585473D927EFB9DD0021EEAA /* MapView.swift */; };
		5884863D285040B700F4F680 /* LandmarkSettings.swift in Sources */ = {isa = PBXBuildFile; fileRef = 5884863C285040B700F4F680 /* LandmarkSettings.swift */; };
		58ABCCA728348FB900AF904B /* CategoryHome.swift in Sources */ = {isa = PBXBuildFile; fileRef = 58ABCCA628348FB900AF904B /* CategoryHome.swift */; };
		58ABCCA9283493CB00AF904B /* CategoryRow.swift in Sources */ = {isa = PBXBuildFile; fileRef = 58ABCCA8283493CB00AF904B /* CategoryRow.swift */; };
		58ABCCAB2834956E00AF904B /* CategoryItem.swift in Sources */ = {isa = PBXBuildFile; fileRef = 58ABCCAA2834956E00AF904B /* CategoryItem.swift */; };
		58AE524A27F122C100A66087 /* landmarkData.json in Resources */ = {isa = PBXBuildFile; fileRef = 58AE524927F122C100A66087 /* landmarkData.json */; };
		58AE524C27F122EB00A66087 /* Landmark.swift in Sources */ = {isa = PBXBuildFile; fileRef = 58AE524B27F122EB00A66087 /* Landmark.swift */; };
		58AE524E27F1254D00A66087 /* ModelData.swift in Sources */ = {isa = PBXBuildFile; fileRef = 58AE524D27F1254D00A66087 /* ModelData.swift */; };
		58AE525D27F13AEA00A66087 /* FavoriteButton.swift in Sources */ = {isa = PBXBuildFile; fileRef = 58AE525C27F13AEA00A66087 /* FavoriteButton.swift */; };
		58AE526827F13D9000A66087 /* LandmarkList.swift in Sources */ = {isa = PBXBuildFile; fileRef = 58AE526527F13D9000A66087 /* LandmarkList.swift */; };
		58AE526927F13D9000A66087 /* LandmarkRow.swift in Sources */ = {isa = PBXBuildFile; fileRef = 58AE526627F13D9000A66087 /* LandmarkRow.swift */; };
		58AE526A27F13D9000A66087 /* LandmarkDetail.swift in Sources */ = {isa = PBXBuildFile; fileRef = 58AE526727F13D9000A66087 /* LandmarkDetail.swift */; };
		58AE526E27F1437900A66087 /* HexagonParameters.swift in Sources */ = {isa = PBXBuildFile; fileRef = 58AE526D27F1437900A66087 /* HexagonParameters.swift */; };
		58AE527027F144D400A66087 /* BadgeBackground.swift in Sources */ = {isa = PBXBuildFile; fileRef = 58AE526F27F144D400A66087 /* BadgeBackground.swift */; };
		58AE527227F149F100A66087 /* BadgeSymbol.swift in Sources */ = {isa = PBXBuildFile; fileRef = 58AE527127F149F100A66087 /* BadgeSymbol.swift */; };
		58AE527427F14ADF00A66087 /* RotatedBadgeSymbol.swift in Sources */ = {isa = PBXBuildFile; fileRef = 58AE527327F14ADF00A66087 /* RotatedBadgeSymbol.swift */; };
		58AE527627F14B1400A66087 /* Badge.swift in Sources */ = {isa = PBXBuildFile; fileRef = 58AE527527F14B1400A66087 /* Badge.swift */; };
/* End PBXBuildFile section */

/* Begin PBXCopyFilesBuildPhase section */
		5825992D2840498D001C42B9 /* Embed Watch Content */ = {
			isa = PBXCopyFilesBuildPhase;
			buildActionMask = 2147483647;
			dstPath = "$(CONTENTS_FOLDER_PATH)/Watch";
			dstSubfolderSpec = 16;
			files = (
			);
			name = "Embed Watch Content";
			runOnlyForDeploymentPostprocessing = 0;
		};
/* End PBXCopyFilesBuildPhase section */

/* Begin PBXFileReference section */
		58071637283DC7DE0054CF8A /* ProfileEditor.swift */ = {isa = PBXFileReference; lastKnownFileType = sourcecode.swift; path = ProfileEditor.swift; sourceTree = "<group>"; };
		5807163A283DCB150054CF8A /* PageViewController.swift */ = {isa = PBXFileReference; lastKnownFileType = sourcecode.swift; path = PageViewController.swift; sourceTree = "<group>"; };
		5807163C283DCD780054CF8A /* FeatureCard.swift */ = {isa = PBXFileReference; lastKnownFileType = sourcecode.swift; path = FeatureCard.swift; sourceTree = "<group>"; };
		5807163E283DCEC60054CF8A /* PageView.swift */ = {isa = PBXFileReference; lastKnownFileType = sourcecode.swift; path = PageView.swift; sourceTree = "<group>"; };
		58158D82284700A900652DBC /* MacLandmarks.app */ = {isa = PBXFileReference; explicitFileType = wrapper.application; includeInIndex = 0; path = MacLandmarks.app; sourceTree = BUILT_PRODUCTS_DIR; };
		58158D86284700A900652DBC /* ContentView.swift */ = {isa = PBXFileReference; lastKnownFileType = sourcecode.swift; path = ContentView.swift; sourceTree = "<group>"; };
		58158D88284700A900652DBC /* Assets.xcassets */ = {isa = PBXFileReference; lastKnownFileType = folder.assetcatalog; path = Assets.xcassets; sourceTree = "<group>"; };
		58158D8B284700A900652DBC /* Preview Assets.xcassets */ = {isa = PBXFileReference; lastKnownFileType = folder.assetcatalog; path = "Preview Assets.xcassets"; sourceTree = "<group>"; };
		58158D8D284700A900652DBC /* MacLandmarks.entitlements */ = {isa = PBXFileReference; lastKnownFileType = text.plist.entitlements; path = MacLandmarks.entitlements; sourceTree = "<group>"; };
		58158D9E284701DB00652DBC /* LandmarkDetail.swift */ = {isa = PBXFileReference; lastKnownFileType = sourcecode.swift; path = LandmarkDetail.swift; sourceTree = "<group>"; };
		58158DA0284705FA00652DBC /* LandmarkList.swift */ = {isa = PBXFileReference; lastKnownFileType = sourcecode.swift; path = LandmarkList.swift; sourceTree = "<group>"; };
		58158DA22847098F00652DBC /* LandmarkCommands.swift */ = {isa = PBXFileReference; lastKnownFileType = sourcecode.swift; path = LandmarkCommands.swift; sourceTree = "<group>"; };
		58257C5D27F1659500E44674 /* hikeData.json */ = {isa = PBXFileReference; fileEncoding = 4; lastKnownFileType = text.json; path = hikeData.json; sourceTree = "<group>"; };
		58257C5F27F165B400E44674 /* Hike.swift */ = {isa = PBXFileReference; lastKnownFileType = sourcecode.swift; path = Hike.swift; sourceTree = "<group>"; };
		58257C6227F1675E00E44674 /* GraphCapsule.swift */ = {isa = PBXFileReference; fileEncoding = 4; lastKnownFileType = sourcecode.swift; path = GraphCapsule.swift; sourceTree = "<group>"; };
		58257C6327F1675E00E44674 /* HikeGraph.swift */ = {isa = PBXFileReference; fileEncoding = 4; lastKnownFileType = sourcecode.swift; path = HikeGraph.swift; sourceTree = "<group>"; };
		58257C6427F1675E00E44674 /* HikeDetail.swift */ = {isa = PBXFileReference; fileEncoding = 4; lastKnownFileType = sourcecode.swift; path = HikeDetail.swift; sourceTree = "<group>"; };
		58257C6527F1675E00E44674 /* HikeView.swift */ = {isa = PBXFileReference; fileEncoding = 4; lastKnownFileType = sourcecode.swift; path = HikeView.swift; sourceTree = "<group>"; };
		582598EB2840468D001C42B9 /* PageControl.swift */ = {isa = PBXFileReference; lastKnownFileType = sourcecode.swift; path = PageControl.swift; sourceTree = "<group>"; };
		5825994528404AAF001C42B9 /* ContentView.swift */ = {isa = PBXFileReference; lastKnownFileType = sourcecode.swift; path = ContentView.swift; sourceTree = "<group>"; };
		5825994728404AAF001C42B9 /* NotificationController.swift */ = {isa = PBXFileReference; lastKnownFileType = sourcecode.swift; path = NotificationController.swift; sourceTree = "<group>"; };
		5825994928404AAF001C42B9 /* NotificationView.swift */ = {isa = PBXFileReference; lastKnownFileType = sourcecode.swift; path = NotificationView.swift; sourceTree = "<group>"; };
		5825994B28404AAF001C42B9 /* ComplicationController.swift */ = {isa = PBXFileReference; lastKnownFileType = sourcecode.swift; path = ComplicationController.swift; sourceTree = "<group>"; };
		5825994D28404AAF001C42B9 /* Assets.xcassets */ = {isa = PBXFileReference; lastKnownFileType = folder.assetcatalog; path = Assets.xcassets; sourceTree = "<group>"; };
		5825995028404AAF001C42B9 /* Preview Assets.xcassets */ = {isa = PBXFileReference; lastKnownFileType = folder.assetcatalog; path = "Preview Assets.xcassets"; sourceTree = "<group>"; };
		5825995228404AAF001C42B9 /* Info.plist */ = {isa = PBXFileReference; lastKnownFileType = text.plist.xml; path = Info.plist; sourceTree = "<group>"; };
		5825995328404AAF001C42B9 /* PushNotificationPayload.apns */ = {isa = PBXFileReference; lastKnownFileType = text; path = PushNotificationPayload.apns; sourceTree = "<group>"; };
		5825995828404AAF001C42B9 /* WatchLandmarksTests.xctest */ = {isa = PBXFileReference; explicitFileType = wrapper.cfbundle; includeInIndex = 0; path = WatchLandmarksTests.xctest; sourceTree = BUILT_PRODUCTS_DIR; };
		5825995C28404AAF001C42B9 /* WatchLandmarksTests.swift */ = {isa = PBXFileReference; lastKnownFileType = sourcecode.swift; path = WatchLandmarksTests.swift; sourceTree = "<group>"; };
		5825996228404AAF001C42B9 /* WatchLandmarksUITests.xctest */ = {isa = PBXFileReference; explicitFileType = wrapper.cfbundle; includeInIndex = 0; path = WatchLandmarksUITests.xctest; sourceTree = BUILT_PRODUCTS_DIR; };
		5825996628404AAF001C42B9 /* WatchLandmarksUITests.swift */ = {isa = PBXFileReference; lastKnownFileType = sourcecode.swift; path = WatchLandmarksUITests.swift; sourceTree = "<group>"; };
		5825996828404AAF001C42B9 /* WatchLandmarksUITestsLaunchTests.swift */ = {isa = PBXFileReference; lastKnownFileType = sourcecode.swift; path = WatchLandmarksUITestsLaunchTests.swift; sourceTree = "<group>"; };
		5825998628404C6E001C42B9 /* LandmarkDetail.swift */ = {isa = PBXFileReference; lastKnownFileType = sourcecode.swift; name = LandmarkDetail.swift; path = WatchLandmarks/LandmarkDetail.swift; sourceTree = SOURCE_ROOT; };
		5845C50F2835D59200309951 /* Profile.swift */ = {isa = PBXFileReference; lastKnownFileType = sourcecode.swift; path = Profile.swift; sourceTree = "<group>"; };
		5845C5112835D64E00309951 /* ProfileHost.swift */ = {isa = PBXFileReference; lastKnownFileType = sourcecode.swift; path = ProfileHost.swift; sourceTree = "<group>"; };
		5845C5142835D6DB00309951 /* ProfileSummary.swift */ = {isa = PBXFileReference; lastKnownFileType = sourcecode.swift; path = ProfileSummary.swift; sourceTree = "<group>"; };
		5845C5162835D7EE00309951 /* HikeBadge.swift */ = {isa = PBXFileReference; lastKnownFileType = sourcecode.swift; path = HikeBadge.swift; sourceTree = "<group>"; };
		58526743299F139E00E6D166 /* WatchLandmarks */ = {isa = PBXFileReference; fileEncoding = 4; lastKnownFileType = text; path = WatchLandmarks; sourceTree = SOURCE_ROOT; };
		585473C627EFB58D0021EEAA /* Landmarks.app */ = {isa = PBXFileReference; explicitFileType = wrapper.application; includeInIndex = 0; path = Landmarks.app; sourceTree = BUILT_PRODUCTS_DIR; };
		585473C927EFB58D0021EEAA /* LandmarksApp.swift */ = {isa = PBXFileReference; lastKnownFileType = sourcecode.swift; path = LandmarksApp.swift; sourceTree = "<group>"; };
		585473CB27EFB58D0021EEAA /* ContentView.swift */ = {isa = PBXFileReference; lastKnownFileType = sourcecode.swift; path = ContentView.swift; sourceTree = "<group>"; };
		585473CD27EFB5900021EEAA /* Assets.xcassets */ = {isa = PBXFileReference; lastKnownFileType = folder.assetcatalog; path = Assets.xcassets; sourceTree = "<group>"; };
		585473D027EFB5900021EEAA /* Preview Assets.xcassets */ = {isa = PBXFileReference; lastKnownFileType = folder.assetcatalog; path = "Preview Assets.xcassets"; sourceTree = "<group>"; };
		585473D727EFB7EE0021EEAA /* CircleImage.swift */ = {isa = PBXFileReference; lastKnownFileType = sourcecode.swift; path = CircleImage.swift; sourceTree = "<group>"; };
		585473D927EFB9DD0021EEAA /* MapView.swift */ = {isa = PBXFileReference; lastKnownFileType = sourcecode.swift; path = MapView.swift; sourceTree = "<group>"; };
		5884863C285040B700F4F680 /* LandmarkSettings.swift */ = {isa = PBXFileReference; lastKnownFileType = sourcecode.swift; path = LandmarkSettings.swift; sourceTree = "<group>"; };
		58ABCCA628348FB900AF904B /* CategoryHome.swift */ = {isa = PBXFileReference; lastKnownFileType = sourcecode.swift; path = CategoryHome.swift; sourceTree = "<group>"; };
		58ABCCA8283493CB00AF904B /* CategoryRow.swift */ = {isa = PBXFileReference; lastKnownFileType = sourcecode.swift; path = CategoryRow.swift; sourceTree = "<group>"; };
		58ABCCAA2834956E00AF904B /* CategoryItem.swift */ = {isa = PBXFileReference; lastKnownFileType = sourcecode.swift; path = CategoryItem.swift; sourceTree = "<group>"; };
		58AE524927F122C100A66087 /* landmarkData.json */ = {isa = PBXFileReference; fileEncoding = 4; lastKnownFileType = text.json; path = landmarkData.json; sourceTree = "<group>"; };
		58AE524B27F122EB00A66087 /* Landmark.swift */ = {isa = PBXFileReference; lastKnownFileType = sourcecode.swift; path = Landmark.swift; sourceTree = "<group>"; };
		58AE524D27F1254D00A66087 /* ModelData.swift */ = {isa = PBXFileReference; lastKnownFileType = sourcecode.swift; path = ModelData.swift; sourceTree = "<group>"; };
		58AE525C27F13AEA00A66087 /* FavoriteButton.swift */ = {isa = PBXFileReference; lastKnownFileType = sourcecode.swift; path = FavoriteButton.swift; sourceTree = "<group>"; };
		58AE526527F13D9000A66087 /* LandmarkList.swift */ = {isa = PBXFileReference; fileEncoding = 4; lastKnownFileType = sourcecode.swift; path = LandmarkList.swift; sourceTree = "<group>"; };
		58AE526627F13D9000A66087 /* LandmarkRow.swift */ = {isa = PBXFileReference; fileEncoding = 4; lastKnownFileType = sourcecode.swift; path = LandmarkRow.swift; sourceTree = "<group>"; };
		58AE526727F13D9000A66087 /* LandmarkDetail.swift */ = {isa = PBXFileReference; fileEncoding = 4; lastKnownFileType = sourcecode.swift; path = LandmarkDetail.swift; sourceTree = "<group>"; };
		58AE526D27F1437900A66087 /* HexagonParameters.swift */ = {isa = PBXFileReference; lastKnownFileType = sourcecode.swift; path = HexagonParameters.swift; sourceTree = "<group>"; };
		58AE526F27F144D400A66087 /* BadgeBackground.swift */ = {isa = PBXFileReference; lastKnownFileType = sourcecode.swift; path = BadgeBackground.swift; sourceTree = "<group>"; };
		58AE527127F149F100A66087 /* BadgeSymbol.swift */ = {isa = PBXFileReference; lastKnownFileType = sourcecode.swift; path = BadgeSymbol.swift; sourceTree = "<group>"; };
		58AE527327F14ADF00A66087 /* RotatedBadgeSymbol.swift */ = {isa = PBXFileReference; lastKnownFileType = sourcecode.swift; path = RotatedBadgeSymbol.swift; sourceTree = "<group>"; };
		58AE527527F14B1400A66087 /* Badge.swift */ = {isa = PBXFileReference; lastKnownFileType = sourcecode.swift; path = Badge.swift; sourceTree = "<group>"; };
/* End PBXFileReference section */

/* Begin PBXFrameworksBuildPhase section */
		58158D7F284700A900652DBC /* Frameworks */ = {
			isa = PBXFrameworksBuildPhase;
			buildActionMask = 2147483647;
			files = (
			);
			runOnlyForDeploymentPostprocessing = 0;
		};
		5825995528404AAF001C42B9 /* Frameworks */ = {
			isa = PBXFrameworksBuildPhase;
			buildActionMask = 2147483647;
			files = (
			);
			runOnlyForDeploymentPostprocessing = 0;
		};
		5825995F28404AAF001C42B9 /* Frameworks */ = {
			isa = PBXFrameworksBuildPhase;
			buildActionMask = 2147483647;
			files = (
			);
			runOnlyForDeploymentPostprocessing = 0;
		};
		585473C327EFB58D0021EEAA /* Frameworks */ = {
			isa = PBXFrameworksBuildPhase;
			buildActionMask = 2147483647;
			files = (
			);
			runOnlyForDeploymentPostprocessing = 0;
		};
/* End PBXFrameworksBuildPhase section */

/* Begin PBXGroup section */
		58071639283DCAF30054CF8A /* PageView */ = {
			isa = PBXGroup;
			children = (
				5807163E283DCEC60054CF8A /* PageView.swift */,
				5807163A283DCB150054CF8A /* PageViewController.swift */,
				582598EB2840468D001C42B9 /* PageControl.swift */,
			);
			path = PageView;
			sourceTree = "<group>";
		};
		58158D83284700A900652DBC /* MacLandmarks */ = {
			isa = PBXGroup;
			children = (
				58526743299F139E00E6D166 /* WatchLandmarks */,
				58158D86284700A900652DBC /* ContentView.swift */,
				58158D9E284701DB00652DBC /* LandmarkDetail.swift */,
				58158DA22847098F00652DBC /* LandmarkCommands.swift */,
				5884863C285040B700F4F680 /* LandmarkSettings.swift */,
				58158D88284700A900652DBC /* Assets.xcassets */,
				58158D8D284700A900652DBC /* MacLandmarks.entitlements */,
				58158D8A284700A900652DBC /* Preview Content */,
			);
			path = MacLandmarks;
			sourceTree = "<group>";
		};
		58158D8A284700A900652DBC /* Preview Content */ = {
			isa = PBXGroup;
			children = (
				58158D8B284700A900652DBC /* Preview Assets.xcassets */,
			);
			path = "Preview Content";
			sourceTree = "<group>";
		};
		58257C6127F1675E00E44674 /* Hikes */ = {
			isa = PBXGroup;
			children = (
				58257C6227F1675E00E44674 /* GraphCapsule.swift */,
				58257C6327F1675E00E44674 /* HikeGraph.swift */,
				58257C6427F1675E00E44674 /* HikeDetail.swift */,
				58257C6527F1675E00E44674 /* HikeView.swift */,
				5845C5162835D7EE00309951 /* HikeBadge.swift */,
			);
			path = Hikes;
			sourceTree = "<group>";
		};
		5825994228404AAF001C42B9 /* WatchLandmarks WatchKit Extension */ = {
			isa = PBXGroup;
			children = (
				5825994528404AAF001C42B9 /* ContentView.swift */,
				5825998628404C6E001C42B9 /* LandmarkDetail.swift */,
				58158DA0284705FA00652DBC /* LandmarkList.swift */,
				5825994728404AAF001C42B9 /* NotificationController.swift */,
				5825994928404AAF001C42B9 /* NotificationView.swift */,
				5825994B28404AAF001C42B9 /* ComplicationController.swift */,
				5825994D28404AAF001C42B9 /* Assets.xcassets */,
				5825995228404AAF001C42B9 /* Info.plist */,
				5825995328404AAF001C42B9 /* PushNotificationPayload.apns */,
				5825994F28404AAF001C42B9 /* Preview Content */,
			);
			path = "WatchLandmarks WatchKit Extension";
			sourceTree = "<group>";
		};
		5825994F28404AAF001C42B9 /* Preview Content */ = {
			isa = PBXGroup;
			children = (
				5825995028404AAF001C42B9 /* Preview Assets.xcassets */,
			);
			path = "Preview Content";
			sourceTree = "<group>";
		};
		5825995B28404AAF001C42B9 /* WatchLandmarksTests */ = {
			isa = PBXGroup;
			children = (
				5825995C28404AAF001C42B9 /* WatchLandmarksTests.swift */,
			);
			path = WatchLandmarksTests;
			sourceTree = "<group>";
		};
		5825996528404AAF001C42B9 /* WatchLandmarksUITests */ = {
			isa = PBXGroup;
			children = (
				5825996628404AAF001C42B9 /* WatchLandmarksUITests.swift */,
				5825996828404AAF001C42B9 /* WatchLandmarksUITestsLaunchTests.swift */,
			);
			path = WatchLandmarksUITests;
			sourceTree = "<group>";
		};
		5845C5132835D6A500309951 /* Profiles */ = {
			isa = PBXGroup;
			children = (
				5845C5112835D64E00309951 /* ProfileHost.swift */,
				58071637283DC7DE0054CF8A /* ProfileEditor.swift */,
				5845C5142835D6DB00309951 /* ProfileSummary.swift */,
			);
			path = Profiles;
			sourceTree = "<group>";
		};
		585473BD27EFB58D0021EEAA = {
			isa = PBXGroup;
			children = (
				585473C827EFB58D0021EEAA /* Landmarks */,
				5825994228404AAF001C42B9 /* WatchLandmarks WatchKit Extension */,
				5825995B28404AAF001C42B9 /* WatchLandmarksTests */,
				5825996528404AAF001C42B9 /* WatchLandmarksUITests */,
				58158D83284700A900652DBC /* MacLandmarks */,
				585473C727EFB58D0021EEAA /* Products */,
			);
			sourceTree = "<group>";
		};
		585473C727EFB58D0021EEAA /* Products */ = {
			isa = PBXGroup;
			children = (
				585473C627EFB58D0021EEAA /* Landmarks.app */,
				5825995828404AAF001C42B9 /* WatchLandmarksTests.xctest */,
				5825996228404AAF001C42B9 /* WatchLandmarksUITests.xctest */,
				58158D82284700A900652DBC /* MacLandmarks.app */,
			);
			name = Products;
			sourceTree = "<group>";
		};
		585473C827EFB58D0021EEAA /* Landmarks */ = {
			isa = PBXGroup;
			children = (
				585473C927EFB58D0021EEAA /* LandmarksApp.swift */,
				58AE524F27F126F900A66087 /* Views */,
				58AE525027F1272600A66087 /* Model */,
				58AE525127F1272E00A66087 /* Resources */,
				58257C6127F1675E00E44674 /* Hikes */,
				585473CF27EFB5900021EEAA /* Preview Content */,
			);
			path = Landmarks;
			sourceTree = "<group>";
		};
		585473CF27EFB5900021EEAA /* Preview Content */ = {
			isa = PBXGroup;
			children = (
				585473CD27EFB5900021EEAA /* Assets.xcassets */,
				585473D027EFB5900021EEAA /* Preview Assets.xcassets */,
			);
			path = "Preview Content";
			sourceTree = "<group>";
		};
		58AE524F27F126F900A66087 /* Views */ = {
			isa = PBXGroup;
			children = (
				585473CB27EFB58D0021EEAA /* ContentView.swift */,
				58ABCCA628348FB900AF904B /* CategoryHome.swift */,
				58ABCCA8283493CB00AF904B /* CategoryRow.swift */,
				58ABCCAA2834956E00AF904B /* CategoryItem.swift */,
				58AE526B27F13DB000A66087 /* Landmarks */,
				5845C5132835D6A500309951 /* Profiles */,
				58AE526C27F13DDC00A66087 /* Helpers */,
				58AE527727F14C6200A66087 /* Badges */,
				58071639283DCAF30054CF8A /* PageView */,
			);
			path = Views;
			sourceTree = "<group>";
		};
		58AE525027F1272600A66087 /* Model */ = {
			isa = PBXGroup;
			children = (
				58AE524D27F1254D00A66087 /* ModelData.swift */,
				58AE524B27F122EB00A66087 /* Landmark.swift */,
				58257C5F27F165B400E44674 /* Hike.swift */,
				5845C50F2835D59200309951 /* Profile.swift */,
				5807163C283DCD780054CF8A /* FeatureCard.swift */,
			);
			path = Model;
			sourceTree = "<group>";
		};
		58AE525127F1272E00A66087 /* Resources */ = {
			isa = PBXGroup;
			children = (
				58257C5D27F1659500E44674 /* hikeData.json */,
				58AE524927F122C100A66087 /* landmarkData.json */,
			);
			path = Resources;
			sourceTree = "<group>";
		};
		58AE526B27F13DB000A66087 /* Landmarks */ = {
			isa = PBXGroup;
			children = (
				58AE526727F13D9000A66087 /* LandmarkDetail.swift */,
				58AE526527F13D9000A66087 /* LandmarkList.swift */,
				58AE526627F13D9000A66087 /* LandmarkRow.swift */,
			);
			path = Landmarks;
			sourceTree = "<group>";
		};
		58AE526C27F13DDC00A66087 /* Helpers */ = {
			isa = PBXGroup;
			children = (
				585473D727EFB7EE0021EEAA /* CircleImage.swift */,
				585473D927EFB9DD0021EEAA /* MapView.swift */,
				58AE525C27F13AEA00A66087 /* FavoriteButton.swift */,
			);
			path = Helpers;
			sourceTree = "<group>";
		};
		58AE527727F14C6200A66087 /* Badges */ = {
			isa = PBXGroup;
			children = (
				58AE526D27F1437900A66087 /* HexagonParameters.swift */,
				58AE526F27F144D400A66087 /* BadgeBackground.swift */,
				58AE527127F149F100A66087 /* BadgeSymbol.swift */,
				58AE527327F14ADF00A66087 /* RotatedBadgeSymbol.swift */,
				58AE527527F14B1400A66087 /* Badge.swift */,
			);
			path = Badges;
			sourceTree = "<group>";
		};
/* End PBXGroup section */

/* Begin PBXNativeTarget section */
		58158D81284700A900652DBC /* MacLandmarks */ = {
			isa = PBXNativeTarget;
			buildConfigurationList = 58158D90284700A900652DBC /* Build configuration list for PBXNativeTarget "MacLandmarks" */;
			buildPhases = (
				58158D7E284700A900652DBC /* Sources */,
				58158D7F284700A900652DBC /* Frameworks */,
				58158D80284700A900652DBC /* Resources */,
			);
			buildRules = (
			);
			dependencies = (
			);
			name = MacLandmarks;
			productName = MacLandmarks;
			productReference = 58158D82284700A900652DBC /* MacLandmarks.app */;
			productType = "com.apple.product-type.application";
		};
		5825995728404AAF001C42B9 /* WatchLandmarksTests */ = {
			isa = PBXNativeTarget;
			buildConfigurationList = 5825997428404AAF001C42B9 /* Build configuration list for PBXNativeTarget "WatchLandmarksTests" */;
			buildPhases = (
				5825995428404AAF001C42B9 /* Sources */,
				5825995528404AAF001C42B9 /* Frameworks */,
				5825995628404AAF001C42B9 /* Resources */,
			);
			buildRules = (
			);
			dependencies = (
			);
			name = WatchLandmarksTests;
			productName = WatchLandmarksTests;
			productReference = 5825995828404AAF001C42B9 /* WatchLandmarksTests.xctest */;
			productType = "com.apple.product-type.bundle.unit-test";
		};
		5825996128404AAF001C42B9 /* WatchLandmarksUITests */ = {
			isa = PBXNativeTarget;
			buildConfigurationList = 5825997728404AAF001C42B9 /* Build configuration list for PBXNativeTarget "WatchLandmarksUITests" */;
			buildPhases = (
				5825995E28404AAF001C42B9 /* Sources */,
				5825995F28404AAF001C42B9 /* Frameworks */,
				5825996028404AAF001C42B9 /* Resources */,
			);
			buildRules = (
			);
			dependencies = (
			);
			name = WatchLandmarksUITests;
			productName = WatchLandmarksUITests;
			productReference = 5825996228404AAF001C42B9 /* WatchLandmarksUITests.xctest */;
			productType = "com.apple.product-type.bundle.ui-testing";
		};
		585473C527EFB58D0021EEAA /* Landmarks */ = {
			isa = PBXNativeTarget;
			buildConfigurationList = 585473D427EFB5900021EEAA /* Build configuration list for PBXNativeTarget "Landmarks" */;
			buildPhases = (
				585473C227EFB58D0021EEAA /* Sources */,
				585473C327EFB58D0021EEAA /* Frameworks */,
				585473C427EFB58D0021EEAA /* Resources */,
				5825992D2840498D001C42B9 /* Embed Watch Content */,
			);
			buildRules = (
			);
			dependencies = (
			);
			name = Landmarks;
			productName = Landmarks;
			productReference = 585473C627EFB58D0021EEAA /* Landmarks.app */;
			productType = "com.apple.product-type.application";
		};
/* End PBXNativeTarget section */

/* Begin PBXProject section */
		585473BE27EFB58D0021EEAA /* Project object */ = {
			isa = PBXProject;
			attributes = {
				BuildIndependentTargetsInParallel = 1;
				LastSwiftUpdateCheck = 1340;
				LastUpgradeCheck = 1400;
				TargetAttributes = {
					58158D81284700A900652DBC = {
						CreatedOnToolsVersion = 13.4;
					};
					5825995728404AAF001C42B9 = {
						CreatedOnToolsVersion = 13.4;
						TestTargetID = 5825993D28404AAF001C42B9;
					};
					5825996128404AAF001C42B9 = {
						CreatedOnToolsVersion = 13.4;
						TestTargetID = 5825993528404AAE001C42B9;
					};
					585473C527EFB58D0021EEAA = {
						CreatedOnToolsVersion = 13.3;
					};
				};
			};
			buildConfigurationList = 585473C127EFB58D0021EEAA /* Build configuration list for PBXProject "Landmarks" */;
			compatibilityVersion = "Xcode 13.0";
			developmentRegion = en;
			hasScannedForEncodings = 0;
			knownRegions = (
				en,
				Base,
			);
			mainGroup = 585473BD27EFB58D0021EEAA;
			productRefGroup = 585473C727EFB58D0021EEAA /* Products */;
			projectDirPath = "";
			projectRoot = "";
			targets = (
				585473C527EFB58D0021EEAA /* Landmarks */,
				5825995728404AAF001C42B9 /* WatchLandmarksTests */,
				5825996128404AAF001C42B9 /* WatchLandmarksUITests */,
				58158D81284700A900652DBC /* MacLandmarks */,
			);
		};
/* End PBXProject section */

/* Begin PBXResourcesBuildPhase section */
		58158D80284700A900652DBC /* Resources */ = {
			isa = PBXResourcesBuildPhase;
			buildActionMask = 2147483647;
			files = (
				58158D9A2847010000652DBC /* hikeData.json in Resources */,
				58158D8C284700A900652DBC /* Preview Assets.xcassets in Resources */,
				58158D89284700A900652DBC /* Assets.xcassets in Resources */,
				58158D932847010000652DBC /* landmarkData.json in Resources */,
				58158D9B2847010000652DBC /* Assets.xcassets in Resources */,
			);
			runOnlyForDeploymentPostprocessing = 0;
		};
		5825995628404AAF001C42B9 /* Resources */ = {
			isa = PBXResourcesBuildPhase;
			buildActionMask = 2147483647;
			files = (
			);
			runOnlyForDeploymentPostprocessing = 0;
		};
		5825996028404AAF001C42B9 /* Resources */ = {
			isa = PBXResourcesBuildPhase;
			buildActionMask = 2147483647;
			files = (
			);
			runOnlyForDeploymentPostprocessing = 0;
		};
		585473C427EFB58D0021EEAA /* Resources */ = {
			isa = PBXResourcesBuildPhase;
			buildActionMask = 2147483647;
			files = (
				58257C5E27F1659500E44674 /* hikeData.json in Resources */,
				585473D127EFB5900021EEAA /* Preview Assets.xcassets in Resources */,
				585473CE27EFB5900021EEAA /* Assets.xcassets in Resources */,
				58AE524A27F122C100A66087 /* landmarkData.json in Resources */,
			);
			runOnlyForDeploymentPostprocessing = 0;
		};
/* End PBXResourcesBuildPhase section */

/* Begin PBXSourcesBuildPhase section */
		58158D7E284700A900652DBC /* Sources */ = {
			isa = PBXSourcesBuildPhase;
			buildActionMask = 2147483647;
			files = (
				58158D972847010000652DBC /* Landmark.swift in Sources */,
				58158D9C2847010000652DBC /* Profile.swift in Sources */,
				5884863D285040B700F4F680 /* LandmarkSettings.swift in Sources */,
				58158D952847010000652DBC /* Hike.swift in Sources */,
				58158D962847010000652DBC /* LandmarkList.swift in Sources */,
				58158DA42847098F00652DBC /* LandmarkCommands.swift in Sources */,
				58158D9F284701DB00652DBC /* LandmarkDetail.swift in Sources */,
				58158D87284700A900652DBC /* ContentView.swift in Sources */,
				58158D992847010000652DBC /* LandmarksApp.swift in Sources */,
				58158D942847010000652DBC /* MapView.swift in Sources */,
				58158D9D2847010000652DBC /* ModelData.swift in Sources */,
				58158D912847010000652DBC /* FavoriteButton.swift in Sources */,
				58158D982847010000652DBC /* LandmarkRow.swift in Sources */,
				58158D922847010000652DBC /* CircleImage.swift in Sources */,
			);
			runOnlyForDeploymentPostprocessing = 0;
		};
		5825995428404AAF001C42B9 /* Sources */ = {
			isa = PBXSourcesBuildPhase;
			buildActionMask = 2147483647;
			files = (
				5825995D28404AAF001C42B9 /* WatchLandmarksTests.swift in Sources */,
			);
			runOnlyForDeploymentPostprocessing = 0;
		};
		5825995E28404AAF001C42B9 /* Sources */ = {
			isa = PBXSourcesBuildPhase;
			buildActionMask = 2147483647;
			files = (
				5825996928404AAF001C42B9 /* WatchLandmarksUITestsLaunchTests.swift in Sources */,
				5825996728404AAF001C42B9 /* WatchLandmarksUITests.swift in Sources */,
			);
			runOnlyForDeploymentPostprocessing = 0;
		};
		585473C227EFB58D0021EEAA /* Sources */ = {
			isa = PBXSourcesBuildPhase;
			buildActionMask = 2147483647;
			files = (
				58ABCCA9283493CB00AF904B /* CategoryRow.swift in Sources */,
				5845C5102835D59200309951 /* Profile.swift in Sources */,
				58158DA32847098F00652DBC /* LandmarkCommands.swift in Sources */,
				585473CC27EFB58D0021EEAA /* ContentView.swift in Sources */,
				58ABCCA728348FB900AF904B /* CategoryHome.swift in Sources */,
				5807163D283DCD780054CF8A /* FeatureCard.swift in Sources */,
				58257C6727F1675E00E44674 /* HikeGraph.swift in Sources */,
				58AE527627F14B1400A66087 /* Badge.swift in Sources */,
				585473DA27EFB9DD0021EEAA /* MapView.swift in Sources */,
				58257C6627F1675E00E44674 /* GraphCapsule.swift in Sources */,
				585473CA27EFB58D0021EEAA /* LandmarksApp.swift in Sources */,
				582598EC2840468D001C42B9 /* PageControl.swift in Sources */,
				58AE525D27F13AEA00A66087 /* FavoriteButton.swift in Sources */,
				58ABCCAB2834956E00AF904B /* CategoryItem.swift in Sources */,
				58257C6827F1675E00E44674 /* HikeDetail.swift in Sources */,
				5845C5152835D6DB00309951 /* ProfileSummary.swift in Sources */,
				58AE526E27F1437900A66087 /* HexagonParameters.swift in Sources */,
				58257C6027F165B400E44674 /* Hike.swift in Sources */,
				5845C5122835D64E00309951 /* ProfileHost.swift in Sources */,
				58AE527427F14ADF00A66087 /* RotatedBadgeSymbol.swift in Sources */,
				5807163F283DCEC60054CF8A /* PageView.swift in Sources */,
				58AE527227F149F100A66087 /* BadgeSymbol.swift in Sources */,
				58071638283DC7DE0054CF8A /* ProfileEditor.swift in Sources */,
				58AE526827F13D9000A66087 /* LandmarkList.swift in Sources */,
				58257C6927F1675E00E44674 /* HikeView.swift in Sources */,
				585473D827EFB7EE0021EEAA /* CircleImage.swift in Sources */,
				5807163B283DCB150054CF8A /* PageViewController.swift in Sources */,
				58AE527027F144D400A66087 /* BadgeBackground.swift in Sources */,
				5845C5172835D7EE00309951 /* HikeBadge.swift in Sources */,
				58AE524C27F122EB00A66087 /* Landmark.swift in Sources */,
				58AE526927F13D9000A66087 /* LandmarkRow.swift in Sources */,
				58AE524E27F1254D00A66087 /* ModelData.swift in Sources */,
				58AE526A27F13D9000A66087 /* LandmarkDetail.swift in Sources */,
			);
			runOnlyForDeploymentPostprocessing = 0;
		};
/* End PBXSourcesBuildPhase section */

/* Begin XCBuildConfiguration section */
		58158D8E284700A900652DBC /* Debug */ = {
			isa = XCBuildConfiguration;
			buildSettings = {
				ASSETCATALOG_COMPILER_APPICON_NAME = AppIcon;
				ASSETCATALOG_COMPILER_GLOBAL_ACCENT_COLOR_NAME = AccentColor;
				CODE_SIGN_ENTITLEMENTS = MacLandmarks/MacLandmarks.entitlements;
				CODE_SIGN_IDENTITY = "-";
				CODE_SIGN_STYLE = Automatic;
				COMBINE_HIDPI_IMAGES = YES;
				CURRENT_PROJECT_VERSION = 1;
				DEAD_CODE_STRIPPING = YES;
				DEVELOPMENT_ASSET_PATHS = "\"MacLandmarks/Preview Content\"";
				DEVELOPMENT_TEAM = 78W3X6U4R7;
				ENABLE_HARDENED_RUNTIME = YES;
				ENABLE_PREVIEWS = YES;
				GENERATE_INFOPLIST_FILE = YES;
				INFOPLIST_KEY_NSHumanReadableCopyright = "";
				LD_RUNPATH_SEARCH_PATHS = (
					"$(inherited)",
					"@executable_path/../Frameworks",
				);
				MACOSX_DEPLOYMENT_TARGET = 12.3;
				MARKETING_VERSION = 1.0;
				PRODUCT_BUNDLE_IDENTIFIER = "Michael-Bui.MacLandmarks";
				PRODUCT_NAME = "$(TARGET_NAME)";
				SDKROOT = macosx;
				SWIFT_EMIT_LOC_STRINGS = YES;
				SWIFT_VERSION = 5.0;
			};
			name = Debug;
		};
		58158D8F284700A900652DBC /* Release */ = {
			isa = XCBuildConfiguration;
			buildSettings = {
				ASSETCATALOG_COMPILER_APPICON_NAME = AppIcon;
				ASSETCATALOG_COMPILER_GLOBAL_ACCENT_COLOR_NAME = AccentColor;
				CODE_SIGN_ENTITLEMENTS = MacLandmarks/MacLandmarks.entitlements;
				CODE_SIGN_IDENTITY = "-";
				CODE_SIGN_STYLE = Automatic;
				COMBINE_HIDPI_IMAGES = YES;
				CURRENT_PROJECT_VERSION = 1;
				DEAD_CODE_STRIPPING = YES;
				DEVELOPMENT_ASSET_PATHS = "\"MacLandmarks/Preview Content\"";
				DEVELOPMENT_TEAM = 78W3X6U4R7;
				ENABLE_HARDENED_RUNTIME = YES;
				ENABLE_PREVIEWS = YES;
				GENERATE_INFOPLIST_FILE = YES;
				INFOPLIST_KEY_NSHumanReadableCopyright = "";
				LD_RUNPATH_SEARCH_PATHS = (
					"$(inherited)",
					"@executable_path/../Frameworks",
				);
				MACOSX_DEPLOYMENT_TARGET = 12.3;
				MARKETING_VERSION = 1.0;
				PRODUCT_BUNDLE_IDENTIFIER = "Michael-Bui.MacLandmarks";
				PRODUCT_NAME = "$(TARGET_NAME)";
				SDKROOT = macosx;
				SWIFT_EMIT_LOC_STRINGS = YES;
				SWIFT_VERSION = 5.0;
			};
			name = Release;
		};
		5825997528404AAF001C42B9 /* Debug */ = {
			isa = XCBuildConfiguration;
			buildSettings = {
				ALWAYS_EMBED_SWIFT_STANDARD_LIBRARIES = YES;
				BUNDLE_LOADER = "$(TEST_HOST)";
				CODE_SIGN_STYLE = Automatic;
				CURRENT_PROJECT_VERSION = 1;
				DEVELOPMENT_TEAM = 78W3X6U4R7;
				GENERATE_INFOPLIST_FILE = YES;
				MARKETING_VERSION = 1.0;
				PRODUCT_BUNDLE_IDENTIFIER = Michael.Landmarks.WatchLandmarksTests;
				PRODUCT_NAME = "$(TARGET_NAME)";
				SDKROOT = watchos;
				SWIFT_EMIT_LOC_STRINGS = NO;
				SWIFT_VERSION = 5.0;
				TARGETED_DEVICE_FAMILY = 4;
				TEST_HOST = "$(BUILT_PRODUCTS_DIR)/WatchLandmarks WatchKit Extension.appex/WatchLandmarks WatchKit Extension";
				WATCHOS_DEPLOYMENT_TARGET = 8.5;
			};
			name = Debug;
		};
		5825997628404AAF001C42B9 /* Release */ = {
			isa = XCBuildConfiguration;
			buildSettings = {
				ALWAYS_EMBED_SWIFT_STANDARD_LIBRARIES = YES;
				BUNDLE_LOADER = "$(TEST_HOST)";
				CODE_SIGN_STYLE = Automatic;
				CURRENT_PROJECT_VERSION = 1;
				DEVELOPMENT_TEAM = 78W3X6U4R7;
				GENERATE_INFOPLIST_FILE = YES;
				MARKETING_VERSION = 1.0;
				PRODUCT_BUNDLE_IDENTIFIER = Michael.Landmarks.WatchLandmarksTests;
				PRODUCT_NAME = "$(TARGET_NAME)";
				SDKROOT = watchos;
				SWIFT_EMIT_LOC_STRINGS = NO;
				SWIFT_VERSION = 5.0;
				TARGETED_DEVICE_FAMILY = 4;
				TEST_HOST = "$(BUILT_PRODUCTS_DIR)/WatchLandmarks WatchKit Extension.appex/WatchLandmarks WatchKit Extension";
				WATCHOS_DEPLOYMENT_TARGET = 8.5;
			};
			name = Release;
		};
		5825997828404AAF001C42B9 /* Debug */ = {
			isa = XCBuildConfiguration;
			buildSettings = {
				CODE_SIGN_STYLE = Automatic;
				CURRENT_PROJECT_VERSION = 1;
				DEVELOPMENT_TEAM = 78W3X6U4R7;
				GENERATE_INFOPLIST_FILE = YES;
				MARKETING_VERSION = 1.0;
				PRODUCT_BUNDLE_IDENTIFIER = Michael.Landmarks.WatchLandmarksUITests;
				PRODUCT_NAME = "$(TARGET_NAME)";
				SDKROOT = watchos;
				SWIFT_EMIT_LOC_STRINGS = NO;
				SWIFT_VERSION = 5.0;
				TARGETED_DEVICE_FAMILY = 4;
				TEST_TARGET_NAME = WatchLandmarks;
				WATCHOS_DEPLOYMENT_TARGET = 8.5;
			};
			name = Debug;
		};
		5825997928404AAF001C42B9 /* Release */ = {
			isa = XCBuildConfiguration;
			buildSettings = {
				CODE_SIGN_STYLE = Automatic;
				CURRENT_PROJECT_VERSION = 1;
				DEVELOPMENT_TEAM = 78W3X6U4R7;
				GENERATE_INFOPLIST_FILE = YES;
				MARKETING_VERSION = 1.0;
				PRODUCT_BUNDLE_IDENTIFIER = Michael.Landmarks.WatchLandmarksUITests;
				PRODUCT_NAME = "$(TARGET_NAME)";
				SDKROOT = watchos;
				SWIFT_EMIT_LOC_STRINGS = NO;
				SWIFT_VERSION = 5.0;
				TARGETED_DEVICE_FAMILY = 4;
				TEST_TARGET_NAME = WatchLandmarks;
				WATCHOS_DEPLOYMENT_TARGET = 8.5;
			};
			name = Release;
		};
		585473D227EFB5900021EEAA /* Debug */ = {
			isa = XCBuildConfiguration;
			buildSettings = {
				ALWAYS_SEARCH_USER_PATHS = NO;
				CLANG_ANALYZER_NONNULL = YES;
				CLANG_ANALYZER_NUMBER_OBJECT_CONVERSION = YES_AGGRESSIVE;
				CLANG_CXX_LANGUAGE_STANDARD = "gnu++17";
				CLANG_ENABLE_MODULES = YES;
				CLANG_ENABLE_OBJC_ARC = YES;
				CLANG_ENABLE_OBJC_WEAK = YES;
				CLANG_WARN_BLOCK_CAPTURE_AUTORELEASING = YES;
				CLANG_WARN_BOOL_CONVERSION = YES;
				CLANG_WARN_COMMA = YES;
				CLANG_WARN_CONSTANT_CONVERSION = YES;
				CLANG_WARN_DEPRECATED_OBJC_IMPLEMENTATIONS = YES;
				CLANG_WARN_DIRECT_OBJC_ISA_USAGE = YES_ERROR;
				CLANG_WARN_DOCUMENTATION_COMMENTS = YES;
				CLANG_WARN_EMPTY_BODY = YES;
				CLANG_WARN_ENUM_CONVERSION = YES;
				CLANG_WARN_INFINITE_RECURSION = YES;
				CLANG_WARN_INT_CONVERSION = YES;
				CLANG_WARN_NON_LITERAL_NULL_CONVERSION = YES;
				CLANG_WARN_OBJC_IMPLICIT_RETAIN_SELF = YES;
				CLANG_WARN_OBJC_LITERAL_CONVERSION = YES;
				CLANG_WARN_OBJC_ROOT_CLASS = YES_ERROR;
				CLANG_WARN_QUOTED_INCLUDE_IN_FRAMEWORK_HEADER = YES;
				CLANG_WARN_RANGE_LOOP_ANALYSIS = YES;
				CLANG_WARN_STRICT_PROTOTYPES = YES;
				CLANG_WARN_SUSPICIOUS_MOVE = YES;
				CLANG_WARN_UNGUARDED_AVAILABILITY = YES_AGGRESSIVE;
				CLANG_WARN_UNREACHABLE_CODE = YES;
				CLANG_WARN__DUPLICATE_METHOD_MATCH = YES;
				COPY_PHASE_STRIP = NO;
				DEBUG_INFORMATION_FORMAT = dwarf;
				ENABLE_STRICT_OBJC_MSGSEND = YES;
				ENABLE_TESTABILITY = YES;
				GCC_C_LANGUAGE_STANDARD = gnu11;
				GCC_DYNAMIC_NO_PIC = NO;
				GCC_NO_COMMON_BLOCKS = YES;
				GCC_OPTIMIZATION_LEVEL = 0;
				GCC_PREPROCESSOR_DEFINITIONS = (
					"DEBUG=1",
					"$(inherited)",
				);
				GCC_WARN_64_TO_32_BIT_CONVERSION = YES;
				GCC_WARN_ABOUT_RETURN_TYPE = YES_ERROR;
				GCC_WARN_UNDECLARED_SELECTOR = YES;
				GCC_WARN_UNINITIALIZED_AUTOS = YES_AGGRESSIVE;
				GCC_WARN_UNUSED_FUNCTION = YES;
				GCC_WARN_UNUSED_VARIABLE = YES;
				IPHONEOS_DEPLOYMENT_TARGET = 16.0;
				MTL_ENABLE_DEBUG_INFO = INCLUDE_SOURCE;
				MTL_FAST_MATH = YES;
				ONLY_ACTIVE_ARCH = YES;
				SDKROOT = iphoneos;
				SWIFT_ACTIVE_COMPILATION_CONDITIONS = DEBUG;
				SWIFT_OPTIMIZATION_LEVEL = "-Onone";
			};
			name = Debug;
		};
		585473D327EFB5900021EEAA /* Release */ = {
			isa = XCBuildConfiguration;
			buildSettings = {
				ALWAYS_SEARCH_USER_PATHS = NO;
				CLANG_ANALYZER_NONNULL = YES;
				CLANG_ANALYZER_NUMBER_OBJECT_CONVERSION = YES_AGGRESSIVE;
				CLANG_CXX_LANGUAGE_STANDARD = "gnu++17";
				CLANG_ENABLE_MODULES = YES;
				CLANG_ENABLE_OBJC_ARC = YES;
				CLANG_ENABLE_OBJC_WEAK = YES;
				CLANG_WARN_BLOCK_CAPTURE_AUTORELEASING = YES;
				CLANG_WARN_BOOL_CONVERSION = YES;
				CLANG_WARN_COMMA = YES;
				CLANG_WARN_CONSTANT_CONVERSION = YES;
				CLANG_WARN_DEPRECATED_OBJC_IMPLEMENTATIONS = YES;
				CLANG_WARN_DIRECT_OBJC_ISA_USAGE = YES_ERROR;
				CLANG_WARN_DOCUMENTATION_COMMENTS = YES;
				CLANG_WARN_EMPTY_BODY = YES;
				CLANG_WARN_ENUM_CONVERSION = YES;
				CLANG_WARN_INFINITE_RECURSION = YES;
				CLANG_WARN_INT_CONVERSION = YES;
				CLANG_WARN_NON_LITERAL_NULL_CONVERSION = YES;
				CLANG_WARN_OBJC_IMPLICIT_RETAIN_SELF = YES;
				CLANG_WARN_OBJC_LITERAL_CONVERSION = YES;
				CLANG_WARN_OBJC_ROOT_CLASS = YES_ERROR;
				CLANG_WARN_QUOTED_INCLUDE_IN_FRAMEWORK_HEADER = YES;
				CLANG_WARN_RANGE_LOOP_ANALYSIS = YES;
				CLANG_WARN_STRICT_PROTOTYPES = YES;
				CLANG_WARN_SUSPICIOUS_MOVE = YES;
				CLANG_WARN_UNGUARDED_AVAILABILITY = YES_AGGRESSIVE;
				CLANG_WARN_UNREACHABLE_CODE = YES;
				CLANG_WARN__DUPLICATE_METHOD_MATCH = YES;
				COPY_PHASE_STRIP = NO;
				DEBUG_INFORMATION_FORMAT = "dwarf-with-dsym";
				ENABLE_NS_ASSERTIONS = NO;
				ENABLE_STRICT_OBJC_MSGSEND = YES;
				GCC_C_LANGUAGE_STANDARD = gnu11;
				GCC_NO_COMMON_BLOCKS = YES;
				GCC_WARN_64_TO_32_BIT_CONVERSION = YES;
				GCC_WARN_ABOUT_RETURN_TYPE = YES_ERROR;
				GCC_WARN_UNDECLARED_SELECTOR = YES;
				GCC_WARN_UNINITIALIZED_AUTOS = YES_AGGRESSIVE;
				GCC_WARN_UNUSED_FUNCTION = YES;
				GCC_WARN_UNUSED_VARIABLE = YES;
				IPHONEOS_DEPLOYMENT_TARGET = 16.0;
				MTL_ENABLE_DEBUG_INFO = NO;
				MTL_FAST_MATH = YES;
				SDKROOT = iphoneos;
				SWIFT_COMPILATION_MODE = wholemodule;
				SWIFT_OPTIMIZATION_LEVEL = "-O";
				VALIDATE_PRODUCT = YES;
			};
			name = Release;
		};
		585473D527EFB5900021EEAA /* Debug */ = {
			isa = XCBuildConfiguration;
			buildSettings = {
				ASSETCATALOG_COMPILER_APPICON_NAME = AppIcon;
				ASSETCATALOG_COMPILER_GLOBAL_ACCENT_COLOR_NAME = AccentColor;
				CODE_SIGN_STYLE = Automatic;
				CURRENT_PROJECT_VERSION = 1;
				DEVELOPMENT_ASSET_PATHS = "\"Landmarks/Preview Content\"";
				DEVELOPMENT_TEAM = 78W3X6U4R7;
				ENABLE_PREVIEWS = YES;
				GENERATE_INFOPLIST_FILE = YES;
				INFOPLIST_KEY_UIApplicationSceneManifest_Generation = YES;
				INFOPLIST_KEY_UIApplicationSupportsIndirectInputEvents = YES;
				INFOPLIST_KEY_UILaunchScreen_Generation = YES;
				INFOPLIST_KEY_UISupportedInterfaceOrientations_iPad = "UIInterfaceOrientationPortrait UIInterfaceOrientationPortraitUpsideDown UIInterfaceOrientationLandscapeLeft UIInterfaceOrientationLandscapeRight";
				INFOPLIST_KEY_UISupportedInterfaceOrientations_iPhone = "UIInterfaceOrientationPortrait UIInterfaceOrientationLandscapeLeft UIInterfaceOrientationLandscapeRight";
				LD_RUNPATH_SEARCH_PATHS = (
					"$(inherited)",
					"@executable_path/Frameworks",
				);
				MARKETING_VERSION = 1.0;
				PRODUCT_BUNDLE_IDENTIFIER = Michael.Landmarks;
				PRODUCT_NAME = "$(TARGET_NAME)";
				SWIFT_EMIT_LOC_STRINGS = YES;
				SWIFT_VERSION = 5.0;
				TARGETED_DEVICE_FAMILY = "1,2";
			};
			name = Debug;
		};
		585473D627EFB5900021EEAA /* Release */ = {
			isa = XCBuildConfiguration;
			buildSettings = {
				ASSETCATALOG_COMPILER_APPICON_NAME = AppIcon;
				ASSETCATALOG_COMPILER_GLOBAL_ACCENT_COLOR_NAME = AccentColor;
				CODE_SIGN_STYLE = Automatic;
				CURRENT_PROJECT_VERSION = 1;
				DEVELOPMENT_ASSET_PATHS = "\"Landmarks/Preview Content\"";
				DEVELOPMENT_TEAM = 78W3X6U4R7;
				ENABLE_PREVIEWS = YES;
				GENERATE_INFOPLIST_FILE = YES;
				INFOPLIST_KEY_UIApplicationSceneManifest_Generation = YES;
				INFOPLIST_KEY_UIApplicationSupportsIndirectInputEvents = YES;
				INFOPLIST_KEY_UILaunchScreen_Generation = YES;
				INFOPLIST_KEY_UISupportedInterfaceOrientations_iPad = "UIInterfaceOrientationPortrait UIInterfaceOrientationPortraitUpsideDown UIInterfaceOrientationLandscapeLeft UIInterfaceOrientationLandscapeRight";
				INFOPLIST_KEY_UISupportedInterfaceOrientations_iPhone = "UIInterfaceOrientationPortrait UIInterfaceOrientationLandscapeLeft UIInterfaceOrientationLandscapeRight";
				LD_RUNPATH_SEARCH_PATHS = (
					"$(inherited)",
					"@executable_path/Frameworks",
				);
				MARKETING_VERSION = 1.0;
				PRODUCT_BUNDLE_IDENTIFIER = Michael.Landmarks;
				PRODUCT_NAME = "$(TARGET_NAME)";
				SWIFT_EMIT_LOC_STRINGS = YES;
				SWIFT_VERSION = 5.0;
				TARGETED_DEVICE_FAMILY = "1,2";
			};
			name = Release;
		};
/* End XCBuildConfiguration section */

/* Begin XCConfigurationList section */
		58158D90284700A900652DBC /* Build configuration list for PBXNativeTarget "MacLandmarks" */ = {
			isa = XCConfigurationList;
			buildConfigurations = (
				58158D8E284700A900652DBC /* Debug */,
				58158D8F284700A900652DBC /* Release */,
			);
			defaultConfigurationIsVisible = 0;
			defaultConfigurationName = Release;
		};
		5825997428404AAF001C42B9 /* Build configuration list for PBXNativeTarget "WatchLandmarksTests" */ = {
			isa = XCConfigurationList;
			buildConfigurations = (
				5825997528404AAF001C42B9 /* Debug */,
				5825997628404AAF001C42B9 /* Release */,
			);
			defaultConfigurationIsVisible = 0;
			defaultConfigurationName = Release;
		};
		5825997728404AAF001C42B9 /* Build configuration list for PBXNativeTarget "WatchLandmarksUITests" */ = {
			isa = XCConfigurationList;
			buildConfigurations = (
				5825997828404AAF001C42B9 /* Debug */,
				5825997928404AAF001C42B9 /* Release */,
			);
			defaultConfigurationIsVisible = 0;
			defaultConfigurationName = Release;
		};
		585473C127EFB58D0021EEAA /* Build configuration list for PBXProject "Landmarks" */ = {
			isa = XCConfigurationList;
			buildConfigurations = (
				585473D227EFB5900021EEAA /* Debug */,
				585473D327EFB5900021EEAA /* Release */,
			);
			defaultConfigurationIsVisible = 0;
			defaultConfigurationName = Release;
		};
		585473D427EFB5900021EEAA /* Build configuration list for PBXNativeTarget "Landmarks" */ = {
			isa = XCConfigurationList;
			buildConfigurations = (
				585473D527EFB5900021EEAA /* Debug */,
				585473D627EFB5900021EEAA /* Release */,
			);
			defaultConfigurationIsVisible = 0;
			defaultConfigurationName = Release;
		};
/* End XCConfigurationList section */
	};
	rootObject = 585473BE27EFB58D0021EEAA /* Project object */;
}
